// !$*UTF8*$!
{
	archiveVersion = 1;
	classes = {
	};
	objectVersion = 46;
	objects = {

/* Begin PBXBuildFile section */
		036DF35A1E382931004FBB03 /* AppDelegate.swift in Sources */ = {isa = PBXBuildFile; fileRef = 036DF3591E382931004FBB03 /* AppDelegate.swift */; };
		036DF35C1E382931004FBB03 /* ViewController.swift in Sources */ = {isa = PBXBuildFile; fileRef = 036DF35B1E382931004FBB03 /* ViewController.swift */; };
		036DF35F1E382931004FBB03 /* Main.storyboard in Resources */ = {isa = PBXBuildFile; fileRef = 036DF35D1E382931004FBB03 /* Main.storyboard */; };
		036DF3611E382931004FBB03 /* Assets.xcassets in Resources */ = {isa = PBXBuildFile; fileRef = 036DF3601E382931004FBB03 /* Assets.xcassets */; };
		036DF3641E382931004FBB03 /* LaunchScreen.storyboard in Resources */ = {isa = PBXBuildFile; fileRef = 036DF3621E382931004FBB03 /* LaunchScreen.storyboard */; };
/* End PBXBuildFile section */

/* Begin PBXFileReference section */
		036DF3561E382931004FBB03 /* color_slider.app */ = {isa = PBXFileReference; explicitFileType = wrapper.application; includeInIndex = 0; path = color_slider.app; sourceTree = BUILT_PRODUCTS_DIR; };
		036DF3591E382931004FBB03 /* AppDelegate.swift */ = {isa = PBXFileReference; lastKnownFileType = sourcecode.swift; path = AppDelegate.swift; sourceTree = "<group>"; };
		036DF35B1E382931004FBB03 /* ViewController.swift */ = {isa = PBXFileReference; lastKnownFileType = sourcecode.swift; path = ViewController.swift; sourceTree = "<group>"; };
		036DF35E1E382931004FBB03 /* Base */ = {isa = PBXFileReference; lastKnownFileType = file.storyboard; name = Base; path = Base.lproj/Main.storyboard; sourceTree = "<group>"; };
		036DF3601E382931004FBB03 /* Assets.xcassets */ = {isa = PBXFileReference; lastKnownFileType = folder.assetcatalog; path = Assets.xcassets; sourceTree = "<group>"; };
		036DF3631E382931004FBB03 /* Base */ = {isa = PBXFileReference; lastKnownFileType = file.storyboard; name = Base; path = Base.lproj/LaunchScreen.storyboard; sourceTree = "<group>"; };
		036DF3651E382931004FBB03 /* Info.plist */ = {isa = PBXFileReference; lastKnownFileType = text.plist.xml; path = Info.plist; sourceTree = "<group>"; };
/* End PBXFileReference section */

/* Begin PBXFrameworksBuildPhase section */
		036DF3531E382931004FBB03 /* Frameworks */ = {
			isa = PBXFrameworksBuildPhase;
			buildActionMask = 2147483647;
			files = (
			);
			runOnlyForDeploymentPostprocessing = 0;
		};
/* End PBXFrameworksBuildPhase section */

/* Begin PBXGroup section */
		036DF34D1E382931004FBB03 = {
			isa = PBXGroup;
			children = (
				036DF3581E382931004FBB03 /* color_slider */,
				036DF3571E382931004FBB03 /* Products */,
			);
			sourceTree = "<group>";
		};
		036DF3571E382931004FBB03 /* Products */ = {
			isa = PBXGroup;
			children = (
				036DF3561E382931004FBB03 /* color_slider.app */,
			);
			name = Products;
			sourceTree = "<group>";
		};
		036DF3581E382931004FBB03 /* color_slider */ = {
			isa = PBXGroup;
			children = (
				036DF3591E382931004FBB03 /* AppDelegate.swift */,
				036DF35B1E382931004FBB03 /* ViewController.swift */,
				036DF35D1E382931004FBB03 /* Main.storyboard */,
				036DF3601E382931004FBB03 /* Assets.xcassets */,
				036DF3621E382931004FBB03 /* LaunchScreen.storyboard */,
				036DF3651E382931004FBB03 /* Info.plist */,
			);
			path = color_slider;
			sourceTree = "<group>";
		};
/* End PBXGroup section */

/* Begin PBXNativeTarget section */
		036DF3551E382931004FBB03 /* color_slider */ = {
			isa = PBXNativeTarget;
			buildConfigurationList = 036DF3681E382931004FBB03 /* Build configuration list for PBXNativeTarget "color_slider" */;
			buildPhases = (
				036DF3521E382931004FBB03 /* Sources */,
				036DF3531E382931004FBB03 /* Frameworks */,
				036DF3541E382931004FBB03 /* Resources */,
			);
			buildRules = (
			);
			dependencies = (
			);
			name = color_slider;
			productName = color_slider;
			productReference = 036DF3561E382931004FBB03 /* color_slider.app */;
			productType = "com.apple.product-type.application";
		};
/* End PBXNativeTarget section */

/* Begin PBXProject section */
		036DF34E1E382931004FBB03 /* Project object */ = {
			isa = PBXProject;
			attributes = {
				LastSwiftUpdateCheck = 0820;
				LastUpgradeCheck = 0820;
				ORGANIZATIONNAME = rdenuto;
				TargetAttributes = {
					036DF3551E382931004FBB03 = {
						CreatedOnToolsVersion = 8.2.1;
						DevelopmentTeam = LGA5BY294D;
						ProvisioningStyle = Automatic;
					};
				};
			};
			buildConfigurationList = 036DF3511E382931004FBB03 /* Build configuration list for PBXProject "color_slider" */;
			compatibilityVersion = "Xcode 3.2";
			developmentRegion = English;
			hasScannedForEncodings = 0;
			knownRegions = (
				en,
				Base,
			);
			mainGroup = 036DF34D1E382931004FBB03;
			productRefGroup = 036DF3571E382931004FBB03 /* Products */;
			projectDirPath = "";
			projectRoot = "";
			targets = (
				036DF3551E382931004FBB03 /* color_slider */,
			);
		};
/* End PBXProject section */

/* Begin PBXResourcesBuildPhase section */
		036DF3541E382931004FBB03 /* Resources */ = {
			isa = PBXResourcesBuildPhase;
			buildActionMask = 2147483647;
			files = (
				036DF3641E382931004FBB03 /* LaunchScreen.storyboard in Resources */,
				036DF3611E382931004FBB03 /* Assets.xcassets in Resources */,
				036DF35F1E382931004FBB03 /* Main.storyboard in Resources */,
			);
			runOnlyForDeploymentPostprocessing = 0;
		};
/* End PBXResourcesBuildPhase section */

/* Begin PBXSourcesBuildPhase section */
		036DF3521E382931004FBB03 /* Sources */ = {
			isa = PBXSourcesBuildPhase;
			buildActionMask = 2147483647;
			files = (
				036DF35C1E382931004FBB03 /* ViewController.swift in Sources */,
				036DF35A1E382931004FBB03 /* AppDelegate.swift in Sources */,
			);
			runOnlyForDeploymentPostprocessing = 0;
		};
/* End PBXSourcesBuildPhase section */

/* Begin PBXVariantGroup section */
		036DF35D1E382931004FBB03 /* Main.storyboard */ = {
			isa = PBXVariantGroup;
			children = (
				036DF35E1E382931004FBB03 /* Base */,
			);
			name = Main.storyboard;
			sourceTree = "<group>";
		};
		036DF3621E382931004FBB03 /* LaunchScreen.storyboard */ = {
			isa = PBXVariantGroup;
			children = (
				036DF3631E382931004FBB03 /* Base */,
			);
			name = LaunchScreen.storyboard;
			sourceTree = "<group>";
		};
/* End PBXVariantGroup section */

/* Begin XCBuildConfiguration section */
		036DF3661E382931004FBB03 /* Debug */ = {
			isa = XCBuildConfiguration;
			buildSettings = {
				ALWAYS_SEARCH_USER_PATHS = NO;
				CLANG_ANALYZER_NONNULL = YES;
				CLANG_CXX_LANGUAGE_STANDARD = "gnu++0x";
				CLANG_CXX_LIBRARY = "libc++";
				CLANG_ENABLE_MODULES = YES;
				CLANG_ENABLE_OBJC_ARC = YES;
				CLANG_WARN_BOOL_CONVERSION = YES;
				CLANG_WARN_CONSTANT_CONVERSION = YES;
				CLANG_WARN_DIRECT_OBJC_ISA_USAGE = YES_ERROR;
				CLANG_WARN_DOCUMENTATION_COMMENTS = YES;
				CLANG_WARN_EMPTY_BODY = YES;
				CLANG_WARN_ENUM_CONVERSION = YES;
				CLANG_WARN_INFINITE_RECURSION = YES;
				CLANG_WARN_INT_CONVERSION = YES;
				CLANG_WARN_OBJC_ROOT_CLASS = YES_ERROR;
				CLANG_WARN_SUSPICIOUS_MOVE = YES;
				CLANG_WARN_UNREACHABLE_CODE = YES;
				CLANG_WARN__DUPLICATE_METHOD_MATCH = YES;
				"CODE_SIGN_IDENTITY[sdk=iphoneos*]" = "iPhone Developer";
				COPY_PHASE_STRIP = NO;
				DEBUG_INFORMATION_FORMAT = dwarf;
				ENABLE_STRICT_OBJC_MSGSEND = YES;
				ENABLE_TESTABILITY = YES;
				GCC_C_LANGUAGE_STANDARD = gnu99;
				GCC_DYNAMIC_NO_PIC = NO;
				GCC_NO_COMMON_BLOCKS = YES;
				GCC_OPTIMIZATION_LEVEL = 0;
				GCC_PREPROCESSOR_DEFINITIONS = (
					"DEBUG=1",
					"$(inherited)",
				);
				GCC_WARN_64_TO_32_BIT_CONVERSION = YES;
				GCC_WARN_ABOUT_RETURN_TYPE = YES_ERROR;
				GCC_WARN_UNDECLARED_SELECTOR = YES;
				GCC_WARN_UNINITIALIZED_AUTOS = YES_AGGRESSIVE;
				GCC_WARN_UNUSED_FUNCTION = YES;
				GCC_WARN_UNUSED_VARIABLE = YES;
				IPHONEOS_DEPLOYMENT_TARGET = 10.2;
				MTL_ENABLE_DEBUG_INFO = YES;
				ONLY_ACTIVE_ARCH = YES;
				SDKROOT = iphoneos;
				SWIFT_ACTIVE_COMPILATION_CONDITIONS = DEBUG;
				SWIFT_OPTIMIZATION_LEVEL = "-Onone";
				TARGETED_DEVICE_FAMILY = "1,2";
			};
			name = Debug;
		};
		036DF3671E382931004FBB03 /* Release */ = {
			isa = XCBuildConfiguration;
			buildSettings = {
				ALWAYS_SEARCH_USER_PATHS = NO;
				CLANG_ANALYZER_NONNULL = YES;
				CLANG_CXX_LANGUAGE_STANDARD = "gnu++0x";
				CLANG_CXX_LIBRARY = "libc++";
				CLANG_ENABLE_MODULES = YES;
				CLANG_ENABLE_OBJC_ARC = YES;
				CLANG_WARN_BOOL_CONVERSION = YES;
				CLANG_WARN_CONSTANT_CONVERSION = YES;
				CLANG_WARN_DIRECT_OBJC_ISA_USAGE = YES_ERROR;
				CLANG_WARN_DOCUMENTATION_COMMENTS = YES;
				CLANG_WARN_EMPTY_BODY = YES;
				CLANG_WARN_ENUM_CONVERSION = YES;
				CLANG_WARN_INFINITE_RECURSION = YES;
				CLANG_WARN_INT_CONVERSION = YES;
				CLANG_WARN_OBJC_ROOT_CLASS = YES_ERROR;
				CLANG_WARN_SUSPICIOUS_MOVE = YES;
				CLANG_WARN_UNREACHABLE_CODE = YES;
				CLANG_WARN__DUPLICATE_METHOD_MATCH = YES;
				"CODE_SIGN_IDENTITY[sdk=iphoneos*]" = "iPhone Developer";
				COPY_PHASE_STRIP = NO;
				DEBUG_INFORMATION_FORMAT = "dwarf-with-dsym";
				ENABLE_NS_ASSERTIONS = NO;
				ENABLE_STRICT_OBJC_MSGSEND = YES;
				GCC_C_LANGUAGE_STANDARD = gnu99;
				GCC_NO_COMMON_BLOCKS = YES;
				GCC_WARN_64_TO_32_BIT_CONVERSION = YES;
				GCC_WARN_ABOUT_RETURN_TYPE = YES_ERROR;
				GCC_WARN_UNDECLARED_SELECTOR = YES;
				GCC_WARN_UNINITIALIZED_AUTOS = YES_AGGRESSIVE;
				GCC_WARN_UNUSED_FUNCTION = YES;
				GCC_WARN_UNUSED_VARIABLE = YES;
				IPHONEOS_DEPLOYMENT_TARGET = 10.2;
				MTL_ENABLE_DEBUG_INFO = NO;
				SDKROOT = iphoneos;
				SWIFT_OPTIMIZATION_LEVEL = "-Owholemodule";
				TARGETED_DEVICE_FAMILY = "1,2";
				VALIDATE_PRODUCT = YES;
			};
			name = Release;
		};
		036DF3691E382931004FBB03 /* Debug */ = {
			isa = XCBuildConfiguration;
			buildSettings = {
				ASSETCATALOG_COMPILER_APPICON_NAME = AppIcon;
				DEVELOPMENT_TEAM = LGA5BY294D;
				INFOPLIST_FILE = color_slider/Info.plist;
				LD_RUNPATH_SEARCH_PATHS = "$(inherited) @executable_path/Frameworks";
				PRODUCT_BUNDLE_IDENTIFIER = "com.rdenuto.color-slider";
				PRODUCT_NAME = "$(TARGET_NAME)";
				SWIFT_VERSION = 3.0;
			};
			name = Debug;
		};
		036DF36A1E382931004FBB03 /* Release */ = {
			isa = XCBuildConfiguration;
			buildSettings = {
				ASSETCATALOG_COMPILER_APPICON_NAME = AppIcon;
				DEVELOPMENT_TEAM = LGA5BY294D;
				INFOPLIST_FILE = color_slider/Info.plist;
				LD_RUNPATH_SEARCH_PATHS = "$(inherited) @executable_path/Frameworks";
				PRODUCT_BUNDLE_IDENTIFIER = "com.rdenuto.color-slider";
				PRODUCT_NAME = "$(TARGET_NAME)";
				SWIFT_VERSION = 3.0;
			};
			name = Release;
		};
/* End XCBuildConfiguration section */

/* Begin XCConfigurationList section */
		036DF3511E382931004FBB03 /* Build configuration list for PBXProject "color_slider" */ = {
			isa = XCConfigurationList;
			buildConfigurations = (
				036DF3661E382931004FBB03 /* Debug */,
				036DF3671E382931004FBB03 /* Release */,
			);
			defaultConfigurationIsVisible = 0;
			defaultConfigurationName = Release;
		};
		036DF3681E382931004FBB03 /* Build configuration list for PBXNativeTarget "color_slider" */ = {
			isa = XCConfigurationList;
			buildConfigurations = (
				036DF3691E382931004FBB03 /* Debug */,
				036DF36A1E382931004FBB03 /* Release */,
			);
			defaultConfigurationIsVisible = 0;
		};
/* End XCConfigurationList section */
	};
	rootObject = 036DF34E1E382931004FBB03 /* Project object */;
}
